PODS:
  - FSCalendar (2.8.2)
  - KeychainAccess (4.2.1)
  - lottie-ios (3.2.1)
  - RNCryptor (5.1.0)
  - SCLAlertView (0.8)
  - TrustKit (1.7.0)

DEPENDENCIES:
  - FSCalendar
  - KeychainAccess
  - lottie-ios
  - RNCryptor
  - SCLAlertView
  - TrustKit

SPEC REPOS:
  trunk:
    - FSCalendar
    - KeychainAccess
    - lottie-ios
    - RNCryptor
    - SCLAlertView
    - TrustKit

SPEC CHECKSUMS:
  FSCalendar: e6a2eb9c571bf0719ed797ef807e08426753c241
  KeychainAccess: 9b07f665298d13c3a85881bd3171f6f49b8151c1
  lottie-ios: 106e92eaf11fbed0a76590b4cdb9b5ec26123ff7
  RNCryptor: a369134686cd2ad391323cc856b62e591193ba79
  SCLAlertView: 6a77bb2edfc65e04dbe57725546cb4107a506b85
  TrustKit: dac38bb37e49bdfeca41b1a19d020da38017b51c

PODFILE CHECKSUM: f321f5ccccaf92128922e8b6d8bcb5734a63c818

COCOAPODS: 1.10.0
