// !$*UTF8*$!
{
	archiveVersion = 1;
	classes = {
	};
	objectVersion = 51;
	objects = {

/* Begin PBXBuildFile section */
		2F0A61AA2591E3690006BFE9 /* TrainingViewController.swift in Sources */ = {isa = PBXBuildFile; fileRef = 2F0A61A92591E3690006BFE9 /* TrainingViewController.swift */; };
		2F0A61AE2591E3880006BFE9 /* DiaryViewController.swift in Sources */ = {isa = PBXBuildFile; fileRef = 2F0A61AD2591E3880006BFE9 /* DiaryViewController.swift */; };
		2F0A61B12591E39D0006BFE9 /* AccountViewController.swift in Sources */ = {isa = PBXBuildFile; fileRef = 2F0A61B02591E39D0006BFE9 /* AccountViewController.swift */; };
		2F0A61B9259203740006BFE9 /* TrainingModeSelectViewController.swift in Sources */ = {isa = PBXBuildFile; fileRef = 2F0A61B8259203740006BFE9 /* TrainingModeSelectViewController.swift */; };
		2F0A61BD25920E340006BFE9 /* TrainingModeTableViewCell.swift in Sources */ = {isa = PBXBuildFile; fileRef = 2F0A61BC25920E340006BFE9 /* TrainingModeTableViewCell.swift */; };
		2F435DCA258C4A8B00AB02B8 /* AppDelegate.swift in Sources */ = {isa = PBXBuildFile; fileRef = 2F435DC9258C4A8B00AB02B8 /* AppDelegate.swift */; };
		2F435DCC258C4A8B00AB02B8 /* SceneDelegate.swift in Sources */ = {isa = PBXBuildFile; fileRef = 2F435DCB258C4A8B00AB02B8 /* SceneDelegate.swift */; };
		2F435DCE258C4A8B00AB02B8 /* ViewController.swift in Sources */ = {isa = PBXBuildFile; fileRef = 2F435DCD258C4A8B00AB02B8 /* ViewController.swift */; };
		2F435DD1258C4A8B00AB02B8 /* Main.storyboard in Resources */ = {isa = PBXBuildFile; fileRef = 2F435DCF258C4A8B00AB02B8 /* Main.storyboard */; };
		2F435DD3258C4A8D00AB02B8 /* Assets.xcassets in Resources */ = {isa = PBXBuildFile; fileRef = 2F435DD2258C4A8D00AB02B8 /* Assets.xcassets */; };
		2F435DD6258C4A8D00AB02B8 /* LaunchScreen.storyboard in Resources */ = {isa = PBXBuildFile; fileRef = 2F435DD4258C4A8D00AB02B8 /* LaunchScreen.storyboard */; };
		2F435DE8258C541B00AB02B8 /* GDriveManager.swift in Sources */ = {isa = PBXBuildFile; fileRef = 2F435DE7258C541B00AB02B8 /* GDriveManager.swift */; };
		2F435DEB258C548200AB02B8 /* LogInViewController.swift in Sources */ = {isa = PBXBuildFile; fileRef = 2F435DEA258C548200AB02B8 /* LogInViewController.swift */; };
		2F435DF3258C5CF100AB02B8 /* orgbundID in Resources */ = {isa = PBXBuildFile; fileRef = 2F435DF2258C5CF100AB02B8 /* orgbundID */; };
		2F435DFF258C85AB00AB02B8 /* FacebookLogInManager.swift in Sources */ = {isa = PBXBuildFile; fileRef = 2F435DFE258C85AB00AB02B8 /* FacebookLogInManager.swift */; };
		D4D679F46FAB5659703E55B0 /* Pods_ezFreeDiveTrainer_2.framework in Frameworks */ = {isa = PBXBuildFile; fileRef = 692980BF67F6D1A7C0F26DDF /* Pods_ezFreeDiveTrainer_2.framework */; };
/* End PBXBuildFile section */

/* Begin PBXFileReference section */
		117AB83AEA8FAE734314CB2E /* Pods-ezFreeDiveTrainer_2.debug.xcconfig */ = {isa = PBXFileReference; includeInIndex = 1; lastKnownFileType = text.xcconfig; name = "Pods-ezFreeDiveTrainer_2.debug.xcconfig"; path = "Target Support Files/Pods-ezFreeDiveTrainer_2/Pods-ezFreeDiveTrainer_2.debug.xcconfig"; sourceTree = "<group>"; };
		2F0A61A92591E3690006BFE9 /* TrainingViewController.swift */ = {isa = PBXFileReference; lastKnownFileType = sourcecode.swift; path = TrainingViewController.swift; sourceTree = "<group>"; };
		2F0A61AD2591E3880006BFE9 /* DiaryViewController.swift */ = {isa = PBXFileReference; lastKnownFileType = sourcecode.swift; path = DiaryViewController.swift; sourceTree = "<group>"; };
		2F0A61B02591E39D0006BFE9 /* AccountViewController.swift */ = {isa = PBXFileReference; lastKnownFileType = sourcecode.swift; path = AccountViewController.swift; sourceTree = "<group>"; };
		2F0A61B8259203740006BFE9 /* TrainingModeSelectViewController.swift */ = {isa = PBXFileReference; lastKnownFileType = sourcecode.swift; path = TrainingModeSelectViewController.swift; sourceTree = "<group>"; };
		2F0A61BC25920E340006BFE9 /* TrainingModeTableViewCell.swift */ = {isa = PBXFileReference; lastKnownFileType = sourcecode.swift; path = TrainingModeTableViewCell.swift; sourceTree = "<group>"; };
		2F435DC6258C4A8B00AB02B8 /* ezFreeDiveTrainer_2.app */ = {isa = PBXFileReference; explicitFileType = wrapper.application; includeInIndex = 0; path = ezFreeDiveTrainer_2.app; sourceTree = BUILT_PRODUCTS_DIR; };
		2F435DC9258C4A8B00AB02B8 /* AppDelegate.swift */ = {isa = PBXFileReference; lastKnownFileType = sourcecode.swift; path = AppDelegate.swift; sourceTree = "<group>"; };
		2F435DCB258C4A8B00AB02B8 /* SceneDelegate.swift */ = {isa = PBXFileReference; lastKnownFileType = sourcecode.swift; path = SceneDelegate.swift; sourceTree = "<group>"; };
		2F435DCD258C4A8B00AB02B8 /* ViewController.swift */ = {isa = PBXFileReference; lastKnownFileType = sourcecode.swift; path = ViewController.swift; sourceTree = "<group>"; };
		2F435DD0258C4A8B00AB02B8 /* Base */ = {isa = PBXFileReference; lastKnownFileType = file.storyboard; name = Base; path = Base.lproj/Main.storyboard; sourceTree = "<group>"; };
		2F435DD2258C4A8D00AB02B8 /* Assets.xcassets */ = {isa = PBXFileReference; lastKnownFileType = folder.assetcatalog; path = Assets.xcassets; sourceTree = "<group>"; };
		2F435DD5258C4A8D00AB02B8 /* Base */ = {isa = PBXFileReference; lastKnownFileType = file.storyboard; name = Base; path = Base.lproj/LaunchScreen.storyboard; sourceTree = "<group>"; };
		2F435DD7258C4A8D00AB02B8 /* Info.plist */ = {isa = PBXFileReference; lastKnownFileType = text.plist.xml; path = Info.plist; sourceTree = "<group>"; };
		2F435DE7258C541B00AB02B8 /* GDriveManager.swift */ = {isa = PBXFileReference; fileEncoding = 4; lastKnownFileType = sourcecode.swift; path = GDriveManager.swift; sourceTree = "<group>"; };
		2F435DEA258C548200AB02B8 /* LogInViewController.swift */ = {isa = PBXFileReference; lastKnownFileType = sourcecode.swift; path = LogInViewController.swift; sourceTree = "<group>"; };
		2F435DF2258C5CF100AB02B8 /* orgbundID */ = {isa = PBXFileReference; lastKnownFileType = text; path = orgbundID; sourceTree = "<group>"; };
		2F435DFE258C85AB00AB02B8 /* FacebookLogInManager.swift */ = {isa = PBXFileReference; lastKnownFileType = sourcecode.swift; path = FacebookLogInManager.swift; sourceTree = "<group>"; };
		692980BF67F6D1A7C0F26DDF /* Pods_ezFreeDiveTrainer_2.framework */ = {isa = PBXFileReference; explicitFileType = wrapper.framework; includeInIndex = 0; path = Pods_ezFreeDiveTrainer_2.framework; sourceTree = BUILT_PRODUCTS_DIR; };
		EF712E1D1E17CE435AD56903 /* Pods-ezFreeDiveTrainer_2.release.xcconfig */ = {isa = PBXFileReference; includeInIndex = 1; lastKnownFileType = text.xcconfig; name = "Pods-ezFreeDiveTrainer_2.release.xcconfig"; path = "Target Support Files/Pods-ezFreeDiveTrainer_2/Pods-ezFreeDiveTrainer_2.release.xcconfig"; sourceTree = "<group>"; };
/* End PBXFileReference section */

/* Begin PBXFrameworksBuildPhase section */
		2F435DC3258C4A8B00AB02B8 /* Frameworks */ = {
			isa = PBXFrameworksBuildPhase;
			buildActionMask = 2147483647;
			files = (
				D4D679F46FAB5659703E55B0 /* Pods_ezFreeDiveTrainer_2.framework in Frameworks */,
			);
			runOnlyForDeploymentPostprocessing = 0;
		};
/* End PBXFrameworksBuildPhase section */

/* Begin PBXGroup section */
		206FDCBE85EC1F030582C762 /* Frameworks */ = {
			isa = PBXGroup;
			children = (
				692980BF67F6D1A7C0F26DDF /* Pods_ezFreeDiveTrainer_2.framework */,
			);
			name = Frameworks;
			sourceTree = "<group>";
		};
		2F0A61A82591E3440006BFE9 /* TabViewControllers */ = {
			isa = PBXGroup;
			children = (
				2F0A61A92591E3690006BFE9 /* TrainingViewController.swift */,
				2F0A61AD2591E3880006BFE9 /* DiaryViewController.swift */,
				2F0A61B02591E39D0006BFE9 /* AccountViewController.swift */,
			);
			name = TabViewControllers;
			sourceTree = "<group>";
		};
		2F0A61B72592033F0006BFE9 /* TrainingControllers */ = {
			isa = PBXGroup;
			children = (
				2F0A61B8259203740006BFE9 /* TrainingModeSelectViewController.swift */,
				2F0A61BC25920E340006BFE9 /* TrainingModeTableViewCell.swift */,
			);
			name = TrainingControllers;
			sourceTree = "<group>";
		};
		2F435DBD258C4A8B00AB02B8 = {
			isa = PBXGroup;
			children = (
				2F435DC8258C4A8B00AB02B8 /* ezFreeDiveTrainer_2 */,
				2F435DC7258C4A8B00AB02B8 /* Products */,
				A76033317029AB6F72128AA8 /* Pods */,
				206FDCBE85EC1F030582C762 /* Frameworks */,
			);
			sourceTree = "<group>";
		};
		2F435DC7258C4A8B00AB02B8 /* Products */ = {
			isa = PBXGroup;
			children = (
				2F435DC6258C4A8B00AB02B8 /* ezFreeDiveTrainer_2.app */,
			);
			name = Products;
			sourceTree = "<group>";
		};
		2F435DC8258C4A8B00AB02B8 /* ezFreeDiveTrainer_2 */ = {
			isa = PBXGroup;
			children = (
				2F435DC9258C4A8B00AB02B8 /* AppDelegate.swift */,
				2F435DCB258C4A8B00AB02B8 /* SceneDelegate.swift */,
				2F435DCD258C4A8B00AB02B8 /* ViewController.swift */,
				2F435DF2258C5CF100AB02B8 /* orgbundID */,
				2F0A61B72592033F0006BFE9 /* TrainingControllers */,
				2F0A61A82591E3440006BFE9 /* TabViewControllers */,
				2F435DEE258C54AF00AB02B8 /* LogIn */,
				2F435DCF258C4A8B00AB02B8 /* Main.storyboard */,
				2F435DD2258C4A8D00AB02B8 /* Assets.xcassets */,
				2F435DD4258C4A8D00AB02B8 /* LaunchScreen.storyboard */,
				2F435DD7258C4A8D00AB02B8 /* Info.plist */,
			);
			path = ezFreeDiveTrainer_2;
			sourceTree = "<group>";
		};
		2F435DED258C548E00AB02B8 /* GoogleLogIn */ = {
			isa = PBXGroup;
			children = (
				2F435DE7258C541B00AB02B8 /* GDriveManager.swift */,
			);
			name = GoogleLogIn;
			path = ..;
			sourceTree = "<group>";
		};
		2F435DEE258C54AF00AB02B8 /* LogIn */ = {
			isa = PBXGroup;
			children = (
				2F435DEA258C548200AB02B8 /* LogInViewController.swift */,
				2F435DFC258C767600AB02B8 /* FacebookLogIn */,
				2F435DED258C548E00AB02B8 /* GoogleLogIn */,
			);
			path = LogIn;
			sourceTree = "<group>";
		};
		2F435DFC258C767600AB02B8 /* FacebookLogIn */ = {
			isa = PBXGroup;
			children = (
				2F435DFE258C85AB00AB02B8 /* FacebookLogInManager.swift */,
			);
			name = FacebookLogIn;
			sourceTree = "<group>";
		};
		A76033317029AB6F72128AA8 /* Pods */ = {
			isa = PBXGroup;
			children = (
				117AB83AEA8FAE734314CB2E /* Pods-ezFreeDiveTrainer_2.debug.xcconfig */,
				EF712E1D1E17CE435AD56903 /* Pods-ezFreeDiveTrainer_2.release.xcconfig */,
			);
			path = Pods;
			sourceTree = "<group>";
		};
/* End PBXGroup section */

/* Begin PBXNativeTarget section */
		2F435DC5258C4A8B00AB02B8 /* ezFreeDiveTrainer_2 */ = {
			isa = PBXNativeTarget;
			buildConfigurationList = 2F435DDA258C4A8D00AB02B8 /* Build configuration list for PBXNativeTarget "ezFreeDiveTrainer_2" */;
			buildPhases = (
				E0C91C1CFC884766BA14191E /* [CP] Check Pods Manifest.lock */,
				2F435DC2258C4A8B00AB02B8 /* Sources */,
				2F435DC3258C4A8B00AB02B8 /* Frameworks */,
				2F435DC4258C4A8B00AB02B8 /* Resources */,
				A7F4AE76EBBA46939CDB02F9 /* [CP] Embed Pods Frameworks */,
				C154D4B7A08E4499704E585F /* [CP] Copy Pods Resources */,
			);
			buildRules = (
			);
			dependencies = (
			);
			name = ezFreeDiveTrainer_2;
			productName = ezFreeDiveTrainer_2;
			productReference = 2F435DC6258C4A8B00AB02B8 /* ezFreeDiveTrainer_2.app */;
			productType = "com.apple.product-type.application";
		};
/* End PBXNativeTarget section */

/* Begin PBXProject section */
		2F435DBE258C4A8B00AB02B8 /* Project object */ = {
			isa = PBXProject;
			attributes = {
				LastSwiftUpdateCheck = 1230;
				LastUpgradeCheck = 1230;
				TargetAttributes = {
					2F435DC5258C4A8B00AB02B8 = {
						CreatedOnToolsVersion = 12.3;
					};
				};
			};
			buildConfigurationList = 2F435DC1258C4A8B00AB02B8 /* Build configuration list for PBXProject "ezFreeDiveTrainer_2" */;
			compatibilityVersion = "Xcode 9.3";
			developmentRegion = en;
			hasScannedForEncodings = 0;
			knownRegions = (
				en,
				Base,
			);
			mainGroup = 2F435DBD258C4A8B00AB02B8;
			productRefGroup = 2F435DC7258C4A8B00AB02B8 /* Products */;
			projectDirPath = "";
			projectRoot = "";
			targets = (
				2F435DC5258C4A8B00AB02B8 /* ezFreeDiveTrainer_2 */,
			);
		};
/* End PBXProject section */

/* Begin PBXResourcesBuildPhase section */
		2F435DC4258C4A8B00AB02B8 /* Resources */ = {
			isa = PBXResourcesBuildPhase;
			buildActionMask = 2147483647;
			files = (
				2F435DD6258C4A8D00AB02B8 /* LaunchScreen.storyboard in Resources */,
				2F435DD3258C4A8D00AB02B8 /* Assets.xcassets in Resources */,
				2F435DD1258C4A8B00AB02B8 /* Main.storyboard in Resources */,
				2F435DF3258C5CF100AB02B8 /* orgbundID in Resources */,
			);
			runOnlyForDeploymentPostprocessing = 0;
		};
/* End PBXResourcesBuildPhase section */

/* Begin PBXShellScriptBuildPhase section */
		A7F4AE76EBBA46939CDB02F9 /* [CP] Embed Pods Frameworks */ = {
			isa = PBXShellScriptBuildPhase;
			buildActionMask = 2147483647;
			files = (
			);
			inputFileListPaths = (
				"${PODS_ROOT}/Target Support Files/Pods-ezFreeDiveTrainer_2/Pods-ezFreeDiveTrainer_2-frameworks-${CONFIGURATION}-input-files.xcfilelist",
			);
			name = "[CP] Embed Pods Frameworks";
			outputFileListPaths = (
				"${PODS_ROOT}/Target Support Files/Pods-ezFreeDiveTrainer_2/Pods-ezFreeDiveTrainer_2-frameworks-${CONFIGURATION}-output-files.xcfilelist",
			);
			runOnlyForDeploymentPostprocessing = 0;
			shellPath = /bin/sh;
			shellScript = "\"${PODS_ROOT}/Target Support Files/Pods-ezFreeDiveTrainer_2/Pods-ezFreeDiveTrainer_2-frameworks.sh\"\n";
			showEnvVarsInLog = 0;
		};
		C154D4B7A08E4499704E585F /* [CP] Copy Pods Resources */ = {
			isa = PBXShellScriptBuildPhase;
			buildActionMask = 2147483647;
			files = (
			);
			inputFileListPaths = (
				"${PODS_ROOT}/Target Support Files/Pods-ezFreeDiveTrainer_2/Pods-ezFreeDiveTrainer_2-resources-${CONFIGURATION}-input-files.xcfilelist",
			);
			name = "[CP] Copy Pods Resources";
			outputFileListPaths = (
				"${PODS_ROOT}/Target Support Files/Pods-ezFreeDiveTrainer_2/Pods-ezFreeDiveTrainer_2-resources-${CONFIGURATION}-output-files.xcfilelist",
			);
			runOnlyForDeploymentPostprocessing = 0;
			shellPath = /bin/sh;
			shellScript = "\"${PODS_ROOT}/Target Support Files/Pods-ezFreeDiveTrainer_2/Pods-ezFreeDiveTrainer_2-resources.sh\"\n";
			showEnvVarsInLog = 0;
		};
		E0C91C1CFC884766BA14191E /* [CP] Check Pods Manifest.lock */ = {
			isa = PBXShellScriptBuildPhase;
			buildActionMask = 2147483647;
			files = (
			);
			inputFileListPaths = (
			);
			inputPaths = (
				"${PODS_PODFILE_DIR_PATH}/Podfile.lock",
				"${PODS_ROOT}/Manifest.lock",
			);
			name = "[CP] Check Pods Manifest.lock";
			outputFileListPaths = (
			);
			outputPaths = (
				"$(DERIVED_FILE_DIR)/Pods-ezFreeDiveTrainer_2-checkManifestLockResult.txt",
			);
			runOnlyForDeploymentPostprocessing = 0;
			shellPath = /bin/sh;
			shellScript = "diff \"${PODS_PODFILE_DIR_PATH}/Podfile.lock\" \"${PODS_ROOT}/Manifest.lock\" > /dev/null\nif [ $? != 0 ] ; then\n    # print error to STDERR\n    echo \"error: The sandbox is not in sync with the Podfile.lock. Run 'pod install' or update your CocoaPods installation.\" >&2\n    exit 1\nfi\n# This output is used by Xcode 'outputs' to avoid re-running this script phase.\necho \"SUCCESS\" > \"${SCRIPT_OUTPUT_FILE_0}\"\n";
			showEnvVarsInLog = 0;
		};
/* End PBXShellScriptBuildPhase section */

/* Begin PBXSourcesBuildPhase section */
		2F435DC2258C4A8B00AB02B8 /* Sources */ = {
			isa = PBXSourcesBuildPhase;
			buildActionMask = 2147483647;
			files = (
				2F435DCE258C4A8B00AB02B8 /* ViewController.swift in Sources */,
				2F435DFF258C85AB00AB02B8 /* FacebookLogInManager.swift in Sources */,
				2F435DCA258C4A8B00AB02B8 /* AppDelegate.swift in Sources */,
				2F0A61B9259203740006BFE9 /* TrainingModeSelectViewController.swift in Sources */,
				2F435DE8258C541B00AB02B8 /* GDriveManager.swift in Sources */,
				2F0A61AE2591E3880006BFE9 /* DiaryViewController.swift in Sources */,
				2F435DEB258C548200AB02B8 /* LogInViewController.swift in Sources */,
				2F435DCC258C4A8B00AB02B8 /* SceneDelegate.swift in Sources */,
				2F0A61AA2591E3690006BFE9 /* TrainingViewController.swift in Sources */,
				2F0A61B12591E39D0006BFE9 /* AccountViewController.swift in Sources */,
				2F0A61BD25920E340006BFE9 /* TrainingModeTableViewCell.swift in Sources */,
			);
			runOnlyForDeploymentPostprocessing = 0;
		};
/* End PBXSourcesBuildPhase section */

/* Begin PBXVariantGroup section */
		2F435DCF258C4A8B00AB02B8 /* Main.storyboard */ = {
			isa = PBXVariantGroup;
			children = (
				2F435DD0258C4A8B00AB02B8 /* Base */,
			);
			name = Main.storyboard;
			sourceTree = "<group>";
		};
		2F435DD4258C4A8D00AB02B8 /* LaunchScreen.storyboard */ = {
			isa = PBXVariantGroup;
			children = (
				2F435DD5258C4A8D00AB02B8 /* Base */,
			);
			name = LaunchScreen.storyboard;
			sourceTree = "<group>";
		};
/* End PBXVariantGroup section */

/* Begin XCBuildConfiguration section */
		2F435DD8258C4A8D00AB02B8 /* Debug */ = {
			isa = XCBuildConfiguration;
			buildSettings = {
				ALWAYS_SEARCH_USER_PATHS = NO;
				CLANG_ANALYZER_NONNULL = YES;
				CLANG_ANALYZER_NUMBER_OBJECT_CONVERSION = YES_AGGRESSIVE;
				CLANG_CXX_LANGUAGE_STANDARD = "gnu++14";
				CLANG_CXX_LIBRARY = "libc++";
				CLANG_ENABLE_MODULES = YES;
				CLANG_ENABLE_OBJC_ARC = YES;
				CLANG_ENABLE_OBJC_WEAK = YES;
				CLANG_WARN_BLOCK_CAPTURE_AUTORELEASING = YES;
				CLANG_WARN_BOOL_CONVERSION = YES;
				CLANG_WARN_COMMA = YES;
				CLANG_WARN_CONSTANT_CONVERSION = YES;
				CLANG_WARN_DEPRECATED_OBJC_IMPLEMENTATIONS = YES;
				CLANG_WARN_DIRECT_OBJC_ISA_USAGE = YES_ERROR;
				CLANG_WARN_DOCUMENTATION_COMMENTS = YES;
				CLANG_WARN_EMPTY_BODY = YES;
				CLANG_WARN_ENUM_CONVERSION = YES;
				CLANG_WARN_INFINITE_RECURSION = YES;
				CLANG_WARN_INT_CONVERSION = YES;
				CLANG_WARN_NON_LITERAL_NULL_CONVERSION = YES;
				CLANG_WARN_OBJC_IMPLICIT_RETAIN_SELF = YES;
				CLANG_WARN_OBJC_LITERAL_CONVERSION = YES;
				CLANG_WARN_OBJC_ROOT_CLASS = YES_ERROR;
				CLANG_WARN_QUOTED_INCLUDE_IN_FRAMEWORK_HEADER = YES;
				CLANG_WARN_RANGE_LOOP_ANALYSIS = YES;
				CLANG_WARN_STRICT_PROTOTYPES = YES;
				CLANG_WARN_SUSPICIOUS_MOVE = YES;
				CLANG_WARN_UNGUARDED_AVAILABILITY = YES_AGGRESSIVE;
				CLANG_WARN_UNREACHABLE_CODE = YES;
				CLANG_WARN__DUPLICATE_METHOD_MATCH = YES;
				COPY_PHASE_STRIP = NO;
				DEBUG_INFORMATION_FORMAT = dwarf;
				ENABLE_STRICT_OBJC_MSGSEND = YES;
				ENABLE_TESTABILITY = YES;
				GCC_C_LANGUAGE_STANDARD = gnu11;
				GCC_DYNAMIC_NO_PIC = NO;
				GCC_NO_COMMON_BLOCKS = YES;
				GCC_OPTIMIZATION_LEVEL = 0;
				GCC_PREPROCESSOR_DEFINITIONS = (
					"DEBUG=1",
					"$(inherited)",
				);
				GCC_WARN_64_TO_32_BIT_CONVERSION = YES;
				GCC_WARN_ABOUT_RETURN_TYPE = YES_ERROR;
				GCC_WARN_UNDECLARED_SELECTOR = YES;
				GCC_WARN_UNINITIALIZED_AUTOS = YES_AGGRESSIVE;
				GCC_WARN_UNUSED_FUNCTION = YES;
				GCC_WARN_UNUSED_VARIABLE = YES;
				IPHONEOS_DEPLOYMENT_TARGET = 14.3;
				MTL_ENABLE_DEBUG_INFO = INCLUDE_SOURCE;
				MTL_FAST_MATH = YES;
				ONLY_ACTIVE_ARCH = YES;
				SDKROOT = iphoneos;
				SWIFT_ACTIVE_COMPILATION_CONDITIONS = DEBUG;
				SWIFT_OPTIMIZATION_LEVEL = "-Onone";
			};
			name = Debug;
		};
		2F435DD9258C4A8D00AB02B8 /* Release */ = {
			isa = XCBuildConfiguration;
			buildSettings = {
				ALWAYS_SEARCH_USER_PATHS = NO;
				CLANG_ANALYZER_NONNULL = YES;
				CLANG_ANALYZER_NUMBER_OBJECT_CONVERSION = YES_AGGRESSIVE;
				CLANG_CXX_LANGUAGE_STANDARD = "gnu++14";
				CLANG_CXX_LIBRARY = "libc++";
				CLANG_ENABLE_MODULES = YES;
				CLANG_ENABLE_OBJC_ARC = YES;
				CLANG_ENABLE_OBJC_WEAK = YES;
				CLANG_WARN_BLOCK_CAPTURE_AUTORELEASING = YES;
				CLANG_WARN_BOOL_CONVERSION = YES;
				CLANG_WARN_COMMA = YES;
				CLANG_WARN_CONSTANT_CONVERSION = YES;
				CLANG_WARN_DEPRECATED_OBJC_IMPLEMENTATIONS = YES;
				CLANG_WARN_DIRECT_OBJC_ISA_USAGE = YES_ERROR;
				CLANG_WARN_DOCUMENTATION_COMMENTS = YES;
				CLANG_WARN_EMPTY_BODY = YES;
				CLANG_WARN_ENUM_CONVERSION = YES;
				CLANG_WARN_INFINITE_RECURSION = YES;
				CLANG_WARN_INT_CONVERSION = YES;
				CLANG_WARN_NON_LITERAL_NULL_CONVERSION = YES;
				CLANG_WARN_OBJC_IMPLICIT_RETAIN_SELF = YES;
				CLANG_WARN_OBJC_LITERAL_CONVERSION = YES;
				CLANG_WARN_OBJC_ROOT_CLASS = YES_ERROR;
				CLANG_WARN_QUOTED_INCLUDE_IN_FRAMEWORK_HEADER = YES;
				CLANG_WARN_RANGE_LOOP_ANALYSIS = YES;
				CLANG_WARN_STRICT_PROTOTYPES = YES;
				CLANG_WARN_SUSPICIOUS_MOVE = YES;
				CLANG_WARN_UNGUARDED_AVAILABILITY = YES_AGGRESSIVE;
				CLANG_WARN_UNREACHABLE_CODE = YES;
				CLANG_WARN__DUPLICATE_METHOD_MATCH = YES;
				COPY_PHASE_STRIP = NO;
				DEBUG_INFORMATION_FORMAT = "dwarf-with-dsym";
				ENABLE_NS_ASSERTIONS = NO;
				ENABLE_STRICT_OBJC_MSGSEND = YES;
				GCC_C_LANGUAGE_STANDARD = gnu11;
				GCC_NO_COMMON_BLOCKS = YES;
				GCC_WARN_64_TO_32_BIT_CONVERSION = YES;
				GCC_WARN_ABOUT_RETURN_TYPE = YES_ERROR;
				GCC_WARN_UNDECLARED_SELECTOR = YES;
				GCC_WARN_UNINITIALIZED_AUTOS = YES_AGGRESSIVE;
				GCC_WARN_UNUSED_FUNCTION = YES;
				GCC_WARN_UNUSED_VARIABLE = YES;
				IPHONEOS_DEPLOYMENT_TARGET = 14.3;
				MTL_ENABLE_DEBUG_INFO = NO;
				MTL_FAST_MATH = YES;
				SDKROOT = iphoneos;
				SWIFT_COMPILATION_MODE = wholemodule;
				SWIFT_OPTIMIZATION_LEVEL = "-O";
				VALIDATE_PRODUCT = YES;
			};
			name = Release;
		};
		2F435DDB258C4A8D00AB02B8 /* Debug */ = {
			isa = XCBuildConfiguration;
			baseConfigurationReference = 117AB83AEA8FAE734314CB2E /* Pods-ezFreeDiveTrainer_2.debug.xcconfig */;
			buildSettings = {
				ASSETCATALOG_COMPILER_APPICON_NAME = AppIcon;
				ASSETCATALOG_COMPILER_GLOBAL_ACCENT_COLOR_NAME = AccentColor;
				CODE_SIGN_STYLE = Automatic;
				DEVELOPMENT_TEAM = 97QUS33ART;
				INFOPLIST_FILE = ezFreeDiveTrainer_2/Info.plist;
				IPHONEOS_DEPLOYMENT_TARGET = 14.0;
				LD_RUNPATH_SEARCH_PATHS = (
					"$(inherited)",
					"@executable_path/Frameworks",
				);
				PRODUCT_BUNDLE_IDENTIFIER = com.tyler.ezFreeDiveTrainer23;
				PRODUCT_NAME = "$(TARGET_NAME)";
				SWIFT_VERSION = 5.0;
				TARGETED_DEVICE_FAMILY = 1;
			};
			name = Debug;
		};
		2F435DDC258C4A8D00AB02B8 /* Release */ = {
			isa = XCBuildConfiguration;
			baseConfigurationReference = EF712E1D1E17CE435AD56903 /* Pods-ezFreeDiveTrainer_2.release.xcconfig */;
			buildSettings = {
				ASSETCATALOG_COMPILER_APPICON_NAME = AppIcon;
				ASSETCATALOG_COMPILER_GLOBAL_ACCENT_COLOR_NAME = AccentColor;
				CODE_SIGN_STYLE = Automatic;
				DEVELOPMENT_TEAM = 97QUS33ART;
				INFOPLIST_FILE = ezFreeDiveTrainer_2/Info.plist;
				IPHONEOS_DEPLOYMENT_TARGET = 14.0;
				LD_RUNPATH_SEARCH_PATHS = (
					"$(inherited)",
					"@executable_path/Frameworks",
				);
				PRODUCT_BUNDLE_IDENTIFIER = com.tyler.ezFreeDiveTrainer23;
				PRODUCT_NAME = "$(TARGET_NAME)";
				SWIFT_VERSION = 5.0;
				TARGETED_DEVICE_FAMILY = 1;
			};
			name = Release;
		};
/* End XCBuildConfiguration section */

/* Begin XCConfigurationList section */
		2F435DC1258C4A8B00AB02B8 /* Build configuration list for PBXProject "ezFreeDiveTrainer_2" */ = {
			isa = XCConfigurationList;
			buildConfigurations = (
				2F435DD8258C4A8D00AB02B8 /* Debug */,
				2F435DD9258C4A8D00AB02B8 /* Release */,
			);
			defaultConfigurationIsVisible = 0;
			defaultConfigurationName = Release;
		};
		2F435DDA258C4A8D00AB02B8 /* Build configuration list for PBXNativeTarget "ezFreeDiveTrainer_2" */ = {
			isa = XCConfigurationList;
			buildConfigurations = (
				2F435DDB258C4A8D00AB02B8 /* Debug */,
				2F435DDC258C4A8D00AB02B8 /* Release */,
			);
			defaultConfigurationIsVisible = 0;
			defaultConfigurationName = Release;
		};
/* End XCConfigurationList section */
	};
	rootObject = 2F435DBE258C4A8B00AB02B8 /* Project object */;
}
